
Microsoft Visual Studio Solution File, Format Version 12.00
# Visual Studio Version 17
VisualStudioVersion = 17.4.33110.190
MinimumVisualStudioVersion = 10.0.40219.1
Project("{9A19103F-16F7-4668-BE54-9A1E7A4F7556}") = "FluxorSample.Server", "Server\FluxorSample.Server.csproj", "{1B854CE9-A01A-4D4F-8929-93A9F29506D9}"
EndProject
Project("{9A19103F-16F7-4668-BE54-9A1E7A4F7556}") = "FluxorSample.Client", "Client\FluxorSample.Client.csproj", "{AB722DCF-3B9D-4AF5-95C7-300349CE3DF8}"
EndProject
Project("{9A19103F-16F7-4668-BE54-9A1E7A4F7556}") = "FluxorSample.Shared", "Shared\FluxorSample.Shared.csproj", "{E20C64C4-8EDC-48A7-A97C-5B2D474486A7}"
EndProject
Global
	GlobalSection(SolutionConfigurationPlatforms) = preSolution
		Debug|Any CPU = Debug|Any CPU
		Release|Any CPU = Release|Any CPU
	EndGlobalSection
	GlobalSection(ProjectConfigurationPlatforms) = postSolution
		{1B854CE9-A01A-4D4F-8929-93A9F29506D9}.Debug|Any CPU.ActiveCfg = Debug|Any CPU
		{1B854CE9-A01A-4D4F-8929-93A9F29506D9}.Debug|Any CPU.Build.0 = Debug|Any CPU
		{1B854CE9-A01A-4D4F-8929-93A9F29506D9}.Release|Any CPU.ActiveCfg = Release|Any CPU
		{1B854CE9-A01A-4D4F-8929-93A9F29506D9}.Release|Any CPU.Build.0 = Release|Any CPU
		{AB722DCF-3B9D-4AF5-95C7-300349CE3DF8}.Debug|Any CPU.ActiveCfg = Debug|Any CPU
		{AB722DCF-3B9D-4AF5-95C7-300349CE3DF8}.Debug|Any CPU.Build.0 = Debug|Any CPU
		{AB722DCF-3B9D-4AF5-95C7-300349CE3DF8}.Release|Any CPU.ActiveCfg = Release|Any CPU
		{AB722DCF-3B9D-4AF5-95C7-300349CE3DF8}.Release|Any CPU.Build.0 = Release|Any CPU
		{E20C64C4-8EDC-48A7-A97C-5B2D474486A7}.Debug|Any CPU.ActiveCfg = Debug|Any CPU
		{E20C64C4-8EDC-48A7-A97C-5B2D474486A7}.Debug|Any CPU.Build.0 = Debug|Any CPU
		{E20C64C4-8EDC-48A7-A97C-5B2D474486A7}.Release|Any CPU.ActiveCfg = Release|Any CPU
		{E20C64C4-8EDC-48A7-A97C-5B2D474486A7}.Release|Any CPU.Build.0 = Release|Any CPU
	EndGlobalSection
	GlobalSection(SolutionProperties) = preSolution
		HideSolutionNode = FALSE
	EndGlobalSection
	GlobalSection(ExtensibilityGlobals) = postSolution
		SolutionGuid = {1D080BE7-1D07-4F9D-A1CE-5F4CF6F7FA77}
	EndGlobalSection
EndGlobal
